// !$*UTF8*$!
{
	archiveVersion = 1;
	classes = {
	};
	objectVersion = 46;
	objects = {

/* Begin PBXBuildFile section */
		0E19D5C01F14B5CB003F9852 /* CustomAnnotation.m in Sources */ = {isa = PBXBuildFile; fileRef = 0E19D5BF1F14B5CB003F9852 /* CustomAnnotation.m */; };
		0E19D5C31F14F1B6003F9852 /* WSGetWeatherForeCast.m in Sources */ = {isa = PBXBuildFile; fileRef = 0E19D5C21F14F1B6003F9852 /* WSGetWeatherForeCast.m */; };
		0E19D5C61F14FAE1003F9852 /* DetailVC.m in Sources */ = {isa = PBXBuildFile; fileRef = 0E19D5C51F14FAE1003F9852 /* DetailVC.m */; };
		0E19D5CE1F151A67003F9852 /* ForeCastTVC.m in Sources */ = {isa = PBXBuildFile; fileRef = 0E19D5CC1F151A67003F9852 /* ForeCastTVC.m */; };
		0E19D5CF1F151A67003F9852 /* ForeCastTVC.xib in Resources */ = {isa = PBXBuildFile; fileRef = 0E19D5CD1F151A67003F9852 /* ForeCastTVC.xib */; };
		0EAC1C391F13B969000EE70E /* main.m in Sources */ = {isa = PBXBuildFile; fileRef = 0EAC1C381F13B969000EE70E /* main.m */; };
		0EAC1C3C1F13B96A000EE70E /* AppDelegate.m in Sources */ = {isa = PBXBuildFile; fileRef = 0EAC1C3B1F13B96A000EE70E /* AppDelegate.m */; };
		0EAC1C3F1F13B96A000EE70E /* ViewController.m in Sources */ = {isa = PBXBuildFile; fileRef = 0EAC1C3E1F13B96A000EE70E /* ViewController.m */; };
		0EAC1C421F13B96A000EE70E /* Main.storyboard in Resources */ = {isa = PBXBuildFile; fileRef = 0EAC1C401F13B96A000EE70E /* Main.storyboard */; };
		0EAC1C441F13B96A000EE70E /* Assets.xcassets in Resources */ = {isa = PBXBuildFile; fileRef = 0EAC1C431F13B96A000EE70E /* Assets.xcassets */; };
		0EAC1C471F13B96A000EE70E /* LaunchScreen.storyboard in Resources */ = {isa = PBXBuildFile; fileRef = 0EAC1C451F13B96A000EE70E /* LaunchScreen.storyboard */; };
		0EAC1C531F13BACB000EE70E /* MapKit.framework in Frameworks */ = {isa = PBXBuildFile; fileRef = 0EAC1C521F13BACB000EE70E /* MapKit.framework */; };
		0EAC1C561F13BAFE000EE70E /* WSGetDataForLocation.m in Sources */ = {isa = PBXBuildFile; fileRef = 0EAC1C551F13BAFE000EE70E /* WSGetDataForLocation.m */; };
/* End PBXBuildFile section */

/* Begin PBXFileReference section */
		0E19D5BE1F14B5CB003F9852 /* CustomAnnotation.h */ = {isa = PBXFileReference; fileEncoding = 4; lastKnownFileType = sourcecode.c.h; path = CustomAnnotation.h; sourceTree = "<group>"; };
		0E19D5BF1F14B5CB003F9852 /* CustomAnnotation.m */ = {isa = PBXFileReference; fileEncoding = 4; lastKnownFileType = sourcecode.c.objc; path = CustomAnnotation.m; sourceTree = "<group>"; };
		0E19D5C11F14F1B6003F9852 /* WSGetWeatherForeCast.h */ = {isa = PBXFileReference; fileEncoding = 4; lastKnownFileType = sourcecode.c.h; path = WSGetWeatherForeCast.h; sourceTree = "<group>"; };
		0E19D5C21F14F1B6003F9852 /* WSGetWeatherForeCast.m */ = {isa = PBXFileReference; fileEncoding = 4; lastKnownFileType = sourcecode.c.objc; path = WSGetWeatherForeCast.m; sourceTree = "<group>"; };
		0E19D5C41F14FAE1003F9852 /* DetailVC.h */ = {isa = PBXFileReference; fileEncoding = 4; lastKnownFileType = sourcecode.c.h; path = DetailVC.h; sourceTree = "<group>"; };
		0E19D5C51F14FAE1003F9852 /* DetailVC.m */ = {isa = PBXFileReference; fileEncoding = 4; lastKnownFileType = sourcecode.c.objc; path = DetailVC.m; sourceTree = "<group>"; };
		0E19D5CA1F150091003F9852 /* Global.h */ = {isa = PBXFileReference; fileEncoding = 4; lastKnownFileType = sourcecode.c.h; name = Global.h; path = Test/Global.h; sourceTree = "<group>"; };
		0E19D5CB1F151A67003F9852 /* ForeCastTVC.h */ = {isa = PBXFileReference; fileEncoding = 4; lastKnownFileType = sourcecode.c.h; path = ForeCastTVC.h; sourceTree = "<group>"; };
		0E19D5CC1F151A67003F9852 /* ForeCastTVC.m */ = {isa = PBXFileReference; fileEncoding = 4; lastKnownFileType = sourcecode.c.objc; path = ForeCastTVC.m; sourceTree = "<group>"; };
		0E19D5CD1F151A67003F9852 /* ForeCastTVC.xib */ = {isa = PBXFileReference; fileEncoding = 4; lastKnownFileType = file.xib; path = ForeCastTVC.xib; sourceTree = "<group>"; };
		0EAC1C341F13B969000EE70E /* Test.app */ = {isa = PBXFileReference; explicitFileType = wrapper.application; includeInIndex = 0; path = Test.app; sourceTree = BUILT_PRODUCTS_DIR; };
		0EAC1C381F13B969000EE70E /* main.m */ = {isa = PBXFileReference; lastKnownFileType = sourcecode.c.objc; path = main.m; sourceTree = "<group>"; };
		0EAC1C3A1F13B96A000EE70E /* AppDelegate.h */ = {isa = PBXFileReference; lastKnownFileType = sourcecode.c.h; path = AppDelegate.h; sourceTree = "<group>"; };
		0EAC1C3B1F13B96A000EE70E /* AppDelegate.m */ = {isa = PBXFileReference; lastKnownFileType = sourcecode.c.objc; path = AppDelegate.m; sourceTree = "<group>"; };
		0EAC1C3D1F13B96A000EE70E /* ViewController.h */ = {isa = PBXFileReference; lastKnownFileType = sourcecode.c.h; path = ViewController.h; sourceTree = "<group>"; };
		0EAC1C3E1F13B96A000EE70E /* ViewController.m */ = {isa = PBXFileReference; lastKnownFileType = sourcecode.c.objc; path = ViewController.m; sourceTree = "<group>"; };
		0EAC1C411F13B96A000EE70E /* Base */ = {isa = PBXFileReference; lastKnownFileType = file.storyboard; name = Base; path = Base.lproj/Main.storyboard; sourceTree = "<group>"; };
		0EAC1C431F13B96A000EE70E /* Assets.xcassets */ = {isa = PBXFileReference; lastKnownFileType = folder.assetcatalog; path = Assets.xcassets; sourceTree = "<group>"; };
		0EAC1C461F13B96A000EE70E /* Base */ = {isa = PBXFileReference; lastKnownFileType = file.storyboard; name = Base; path = Base.lproj/LaunchScreen.storyboard; sourceTree = "<group>"; };
		0EAC1C481F13B96A000EE70E /* Info.plist */ = {isa = PBXFileReference; lastKnownFileType = text.plist.xml; path = Info.plist; sourceTree = "<group>"; };
		0EAC1C521F13BACB000EE70E /* MapKit.framework */ = {isa = PBXFileReference; lastKnownFileType = wrapper.framework; name = MapKit.framework; path = System/Library/Frameworks/MapKit.framework; sourceTree = SDKROOT; };
		0EAC1C541F13BAFE000EE70E /* WSGetDataForLocation.h */ = {isa = PBXFileReference; fileEncoding = 4; lastKnownFileType = sourcecode.c.h; path = WSGetDataForLocation.h; sourceTree = "<group>"; };
		0EAC1C551F13BAFE000EE70E /* WSGetDataForLocation.m */ = {isa = PBXFileReference; fileEncoding = 4; lastKnownFileType = sourcecode.c.objc; path = WSGetDataForLocation.m; sourceTree = "<group>"; };
/* End PBXFileReference section */

/* Begin PBXFrameworksBuildPhase section */
		0EAC1C311F13B969000EE70E /* Frameworks */ = {
			isa = PBXFrameworksBuildPhase;
			buildActionMask = 2147483647;
			files = (
				0EAC1C531F13BACB000EE70E /* MapKit.framework in Frameworks */,
			);
			runOnlyForDeploymentPostprocessing = 0;
		};
/* End PBXFrameworksBuildPhase section */

/* Begin PBXGroup section */
		0EAC1C2B1F13B969000EE70E = {
			isa = PBXGroup;
			children = (
				0E19D5CA1F150091003F9852 /* Global.h */,
				0EAC1C361F13B969000EE70E /* Test */,
				0EAC1C351F13B969000EE70E /* Products */,
			);
			sourceTree = "<group>";
		};
		0EAC1C351F13B969000EE70E /* Products */ = {
			isa = PBXGroup;
			children = (
				0EAC1C341F13B969000EE70E /* Test.app */,
			);
			name = Products;
			sourceTree = "<group>";
		};
		0EAC1C361F13B969000EE70E /* Test */ = {
			isa = PBXGroup;
			children = (
				0EAC1C3A1F13B96A000EE70E /* AppDelegate.h */,
				0EAC1C3B1F13B96A000EE70E /* AppDelegate.m */,
				0EAC1C3D1F13B96A000EE70E /* ViewController.h */,
				0EAC1C3E1F13B96A000EE70E /* ViewController.m */,
				0E19D5C41F14FAE1003F9852 /* DetailVC.h */,
				0E19D5C51F14FAE1003F9852 /* DetailVC.m */,
				0EAC1C541F13BAFE000EE70E /* WSGetDataForLocation.h */,
				0EAC1C551F13BAFE000EE70E /* WSGetDataForLocation.m */,
				0E19D5C11F14F1B6003F9852 /* WSGetWeatherForeCast.h */,
				0E19D5C21F14F1B6003F9852 /* WSGetWeatherForeCast.m */,
				0E19D5BE1F14B5CB003F9852 /* CustomAnnotation.h */,
				0E19D5BF1F14B5CB003F9852 /* CustomAnnotation.m */,
				0E19D5CB1F151A67003F9852 /* ForeCastTVC.h */,
				0E19D5CC1F151A67003F9852 /* ForeCastTVC.m */,
				0E19D5CD1F151A67003F9852 /* ForeCastTVC.xib */,
				0EAC1C401F13B96A000EE70E /* Main.storyboard */,
				0EAC1C431F13B96A000EE70E /* Assets.xcassets */,
				0EAC1C451F13B96A000EE70E /* LaunchScreen.storyboard */,
				0EAC1C481F13B96A000EE70E /* Info.plist */,
				0EAC1C371F13B969000EE70E /* Supporting Files */,
			);
			path = Test;
			sourceTree = "<group>";
		};
		0EAC1C371F13B969000EE70E /* Supporting Files */ = {
			isa = PBXGroup;
			children = (
				0EAC1C521F13BACB000EE70E /* MapKit.framework */,
				0EAC1C381F13B969000EE70E /* main.m */,
			);
			name = "Supporting Files";
			sourceTree = "<group>";
		};
/* End PBXGroup section */

/* Begin PBXNativeTarget section */
		0EAC1C331F13B969000EE70E /* Test */ = {
			isa = PBXNativeTarget;
			buildConfigurationList = 0EAC1C4B1F13B96A000EE70E /* Build configuration list for PBXNativeTarget "Test" */;
			buildPhases = (
				0EAC1C301F13B969000EE70E /* Sources */,
				0EAC1C311F13B969000EE70E /* Frameworks */,
				0EAC1C321F13B969000EE70E /* Resources */,
			);
			buildRules = (
			);
			dependencies = (
			);
			name = Test;
			productName = Test;
			productReference = 0EAC1C341F13B969000EE70E /* Test.app */;
			productType = "com.apple.product-type.application";
		};
/* End PBXNativeTarget section */

/* Begin PBXProject section */
		0EAC1C2C1F13B969000EE70E /* Project object */ = {
			isa = PBXProject;
			attributes = {
				LastUpgradeCheck = 0730;
				ORGANIZATIONNAME = MD;
				TargetAttributes = {
					0EAC1C331F13B969000EE70E = {
						CreatedOnToolsVersion = 7.3;
						DevelopmentTeam = E8X9G5XHA8;
						ProvisioningStyle = Automatic;
					};
				};
			};
			buildConfigurationList = 0EAC1C2F1F13B969000EE70E /* Build configuration list for PBXProject "Test" */;
			compatibilityVersion = "Xcode 3.2";
			developmentRegion = English;
			hasScannedForEncodings = 0;
			knownRegions = (
				en,
				Base,
			);
			mainGroup = 0EAC1C2B1F13B969000EE70E;
			productRefGroup = 0EAC1C351F13B969000EE70E /* Products */;
			projectDirPath = "";
			projectRoot = "";
			targets = (
				0EAC1C331F13B969000EE70E /* Test */,
			);
		};
/* End PBXProject section */

/* Begin PBXResourcesBuildPhase section */
		0EAC1C321F13B969000EE70E /* Resources */ = {
			isa = PBXResourcesBuildPhase;
			buildActionMask = 2147483647;
			files = (
				0E19D5CF1F151A67003F9852 /* ForeCastTVC.xib in Resources */,
				0EAC1C471F13B96A000EE70E /* LaunchScreen.storyboard in Resources */,
				0EAC1C441F13B96A000EE70E /* Assets.xcassets in Resources */,
				0EAC1C421F13B96A000EE70E /* Main.storyboard in Resources */,
			);
			runOnlyForDeploymentPostprocessing = 0;
		};
/* End PBXResourcesBuildPhase section */

/* Begin PBXSourcesBuildPhase section */
		0EAC1C301F13B969000EE70E /* Sources */ = {
			isa = PBXSourcesBuildPhase;
			buildActionMask = 2147483647;
			files = (
				0E19D5C01F14B5CB003F9852 /* CustomAnnotation.m in Sources */,
				0E19D5CE1F151A67003F9852 /* ForeCastTVC.m in Sources */,
				0EAC1C3F1F13B96A000EE70E /* ViewController.m in Sources */,
				0E19D5C31F14F1B6003F9852 /* WSGetWeatherForeCast.m in Sources */,
				0E19D5C61F14FAE1003F9852 /* DetailVC.m in Sources */,
				0EAC1C561F13BAFE000EE70E /* WSGetDataForLocation.m in Sources */,
				0EAC1C3C1F13B96A000EE70E /* AppDelegate.m in Sources */,
				0EAC1C391F13B969000EE70E /* main.m in Sources */,
			);
			runOnlyForDeploymentPostprocessing = 0;
		};
/* End PBXSourcesBuildPhase section */

/* Begin PBXVariantGroup section */
		0EAC1C401F13B96A000EE70E /* Main.storyboard */ = {
			isa = PBXVariantGroup;
			children = (
				0EAC1C411F13B96A000EE70E /* Base */,
			);
			name = Main.storyboard;
			sourceTree = "<group>";
		};
		0EAC1C451F13B96A000EE70E /* LaunchScreen.storyboard */ = {
			isa = PBXVariantGroup;
			children = (
				0EAC1C461F13B96A000EE70E /* Base */,
			);
			name = LaunchScreen.storyboard;
			sourceTree = "<group>";
		};
/* End PBXVariantGroup section */

/* Begin XCBuildConfiguration section */
		0EAC1C491F13B96A000EE70E /* Debug */ = {
			isa = XCBuildConfiguration;
			buildSettings = {
				ALWAYS_SEARCH_USER_PATHS = NO;
				CLANG_ANALYZER_NONNULL = YES;
				CLANG_CXX_LANGUAGE_STANDARD = "gnu++0x";
				CLANG_CXX_LIBRARY = "libc++";
				CLANG_ENABLE_MODULES = YES;
				CLANG_ENABLE_OBJC_ARC = YES;
				CLANG_WARN_BOOL_CONVERSION = YES;
				CLANG_WARN_CONSTANT_CONVERSION = YES;
				CLANG_WARN_DIRECT_OBJC_ISA_USAGE = YES_ERROR;
				CLANG_WARN_EMPTY_BODY = YES;
				CLANG_WARN_ENUM_CONVERSION = YES;
				CLANG_WARN_INT_CONVERSION = YES;
				CLANG_WARN_OBJC_ROOT_CLASS = YES_ERROR;
				CLANG_WARN_UNREACHABLE_CODE = YES;
				CLANG_WARN__DUPLICATE_METHOD_MATCH = YES;
				"CODE_SIGN_IDENTITY[sdk=iphoneos*]" = "iPhone Developer";
				COPY_PHASE_STRIP = NO;
				DEBUG_INFORMATION_FORMAT = dwarf;
				ENABLE_STRICT_OBJC_MSGSEND = YES;
				ENABLE_TESTABILITY = YES;
				GCC_C_LANGUAGE_STANDARD = gnu99;
				GCC_DYNAMIC_NO_PIC = NO;
				GCC_NO_COMMON_BLOCKS = YES;
				GCC_OPTIMIZATION_LEVEL = 0;
				GCC_PREPROCESSOR_DEFINITIONS = (
					"DEBUG=1",
					"$(inherited)",
				);
				GCC_WARN_64_TO_32_BIT_CONVERSION = YES;
				GCC_WARN_ABOUT_RETURN_TYPE = YES_ERROR;
				GCC_WARN_UNDECLARED_SELECTOR = YES;
				GCC_WARN_UNINITIALIZED_AUTOS = YES_AGGRESSIVE;
				GCC_WARN_UNUSED_FUNCTION = YES;
				GCC_WARN_UNUSED_VARIABLE = YES;
				IPHONEOS_DEPLOYMENT_TARGET = 9.3;
				MTL_ENABLE_DEBUG_INFO = YES;
				ONLY_ACTIVE_ARCH = YES;
				SDKROOT = iphoneos;
			};
			name = Debug;
		};
		0EAC1C4A1F13B96A000EE70E /* Release */ = {
			isa = XCBuildConfiguration;
			buildSettings = {
				ALWAYS_SEARCH_USER_PATHS = NO;
				CLANG_ANALYZER_NONNULL = YES;
				CLANG_CXX_LANGUAGE_STANDARD = "gnu++0x";
				CLANG_CXX_LIBRARY = "libc++";
				CLANG_ENABLE_MODULES = YES;
				CLANG_ENABLE_OBJC_ARC = YES;
				CLANG_WARN_BOOL_CONVERSION = YES;
				CLANG_WARN_CONSTANT_CONVERSION = YES;
				CLANG_WARN_DIRECT_OBJC_ISA_USAGE = YES_ERROR;
				CLANG_WARN_EMPTY_BODY = YES;
				CLANG_WARN_ENUM_CONVERSION = YES;
				CLANG_WARN_INT_CONVERSION = YES;
				CLANG_WARN_OBJC_ROOT_CLASS = YES_ERROR;
				CLANG_WARN_UNREACHABLE_CODE = YES;
				CLANG_WARN__DUPLICATE_METHOD_MATCH = YES;
				"CODE_SIGN_IDENTITY[sdk=iphoneos*]" = "iPhone Developer";
				COPY_PHASE_STRIP = NO;
				DEBUG_INFORMATION_FORMAT = "dwarf-with-dsym";
				ENABLE_NS_ASSERTIONS = NO;
				ENABLE_STRICT_OBJC_MSGSEND = YES;
				GCC_C_LANGUAGE_STANDARD = gnu99;
				GCC_NO_COMMON_BLOCKS = YES;
				GCC_WARN_64_TO_32_BIT_CONVERSION = YES;
				GCC_WARN_ABOUT_RETURN_TYPE = YES_ERROR;
				GCC_WARN_UNDECLARED_SELECTOR = YES;
				GCC_WARN_UNINITIALIZED_AUTOS = YES_AGGRESSIVE;
				GCC_WARN_UNUSED_FUNCTION = YES;
				GCC_WARN_UNUSED_VARIABLE = YES;
				IPHONEOS_DEPLOYMENT_TARGET = 9.3;
				MTL_ENABLE_DEBUG_INFO = NO;
				SDKROOT = iphoneos;
				VALIDATE_PRODUCT = YES;
			};
			name = Release;
		};
		0EAC1C4C1F13B96A000EE70E /* Debug */ = {
			isa = XCBuildConfiguration;
			buildSettings = {
				ASSETCATALOG_COMPILER_APPICON_NAME = AppIcon;
				"CODE_SIGN_IDENTITY[sdk=iphoneos*]" = "iPhone Developer";
				DEVELOPMENT_TEAM = E8X9G5XHA8;
				INFOPLIST_FILE = Test/Info.plist;
				LD_RUNPATH_SEARCH_PATHS = "$(inherited) @executable_path/Frameworks";
				PRODUCT_BUNDLE_IDENTIFIER = "com.cts-in.Test";
				PRODUCT_NAME = "$(TARGET_NAME)";
			};
			name = Debug;
		};
		0EAC1C4D1F13B96A000EE70E /* Release */ = {
			isa = XCBuildConfiguration;
			buildSettings = {
				ASSETCATALOG_COMPILER_APPICON_NAME = AppIcon;
				"CODE_SIGN_IDENTITY[sdk=iphoneos*]" = "iPhone Developer";
				DEVELOPMENT_TEAM = E8X9G5XHA8;
				INFOPLIST_FILE = Test/Info.plist;
				LD_RUNPATH_SEARCH_PATHS = "$(inherited) @executable_path/Frameworks";
				PRODUCT_BUNDLE_IDENTIFIER = "com.cts-in.Test";
				PRODUCT_NAME = "$(TARGET_NAME)";
			};
			name = Release;
		};
/* End XCBuildConfiguration section */

/* Begin XCConfigurationList section */
		0EAC1C2F1F13B969000EE70E /* Build configuration list for PBXProject "Test" */ = {
			isa = XCConfigurationList;
			buildConfigurations = (
				0EAC1C491F13B96A000EE70E /* Debug */,
				0EAC1C4A1F13B96A000EE70E /* Release */,
			);
			defaultConfigurationIsVisible = 0;
			defaultConfigurationName = Release;
		};
		0EAC1C4B1F13B96A000EE70E /* Build configuration list for PBXNativeTarget "Test" */ = {
			isa = XCConfigurationList;
			buildConfigurations = (
				0EAC1C4C1F13B96A000EE70E /* Debug */,
				0EAC1C4D1F13B96A000EE70E /* Release */,
			);
			defaultConfigurationIsVisible = 0;
			defaultConfigurationName = Release;
		};
/* End XCConfigurationList section */
	};
	rootObject = 0EAC1C2C1F13B969000EE70E /* Project object */;
}
